<Solution>
  <Folder Name="/Solution Items/">
    <File Path=".editorconfig" />
    <File Path=".gitignore" />
    <File Path="CHANGELOG.md" />
    <File Path="LICENSE" />
    <File Path="nuget-key.txt" />
    <File Path="Ollama.Api.dic" />
    <File Path="Publish.ps1" />
    <File Path="README.md" />
    <File Path="version.json" />
  </Folder>
  <Project Path="Ollama.Api.Test/Ollama.Api.Test.csproj" />
  <Project Path="Ollama.Api/Ollama.Api.csproj" />
</Solution>
